{
  "pins" : [
    {
      "identity" : "combineextensions",
      "kind" : "remoteSourceControl",
      "location" : "https://github.com/dsk1306/combineExtensions",
      "state" : {
        "revision" : "addef603a5dfa4d480301b7fa52b5cfcc67d671c",
        "version" : "1.3.0"
      }
    }
  ],
  "version" : 2
}
